
Microsoft Visual Studio Solution File, Format Version 12.00
# Visual Studio Version 16
VisualStudioVersion = 16.0.32510.428
MinimumVisualStudioVersion = 10.0.40219.1
Project("{FAE04EC0-301F-11D3-BF4B-00C04F79EFBC}") = "IP_API_GetGeolocationConsoleApp", "IP_API_GetGeolocationConsoleApp\IP_API_GetGeolocationConsoleApp.csproj", "{4AC2F978-2ACA-48D0-90AF-783F222818A4}"
EndProject
Global
	GlobalSection(SolutionConfigurationPlatforms) = preSolution
		Debug|Any CPU = Debug|Any CPU
		Release|Any CPU = Release|Any CPU
	EndGlobalSection
	GlobalSection(ProjectConfigurationPlatforms) = postSolution
		{4AC2F978-2ACA-48D0-90AF-783F222818A4}.Debug|Any CPU.ActiveCfg = Debug|Any CPU
		{4AC2F978-2ACA-48D0-90AF-783F222818A4}.Debug|Any CPU.Build.0 = Debug|Any CPU
		{4AC2F978-2ACA-48D0-90AF-783F222818A4}.Release|Any CPU.ActiveCfg = Release|Any CPU
		{4AC2F978-2ACA-48D0-90AF-783F222818A4}.Release|Any CPU.Build.0 = Release|Any CPU
	EndGlobalSection
	GlobalSection(SolutionProperties) = preSolution
		HideSolutionNode = FALSE
	EndGlobalSection
	GlobalSection(ExtensibilityGlobals) = postSolution
		SolutionGuid = {16394914-292F-4199-A988-4C062E9724DD}
	EndGlobalSection
EndGlobal
